
Microsoft Visual Studio Solution File, Format Version 12.00
# Visual Studio Version 17
VisualStudioVersion = 17.14.36518.9 d17.14
MinimumVisualStudioVersion = 10.0.40219.1
Project("{FAE04EC0-301F-11D3-BF4B-00C04F79EFBC}") = "mf-dev-backend-2025", "mf-dev-backend-2025\mf-dev-backend-2025.csproj", "{4E65AA3E-864B-43DC-88ED-0592E9D53CA9}"
EndProject
Global
	GlobalSection(SolutionConfigurationPlatforms) = preSolution
		Debug|Any CPU = Debug|Any CPU
		Release|Any CPU = Release|Any CPU
	EndGlobalSection
	GlobalSection(ProjectConfigurationPlatforms) = postSolution
		{4E65AA3E-864B-43DC-88ED-0592E9D53CA9}.Debug|Any CPU.ActiveCfg = Debug|Any CPU
		{4E65AA3E-864B-43DC-88ED-0592E9D53CA9}.Debug|Any CPU.Build.0 = Debug|Any CPU
		{4E65AA3E-864B-43DC-88ED-0592E9D53CA9}.Release|Any CPU.ActiveCfg = Release|Any CPU
		{4E65AA3E-864B-43DC-88ED-0592E9D53CA9}.Release|Any CPU.Build.0 = Release|Any CPU
	EndGlobalSection
	GlobalSection(SolutionProperties) = preSolution
		HideSolutionNode = FALSE
	EndGlobalSection
	GlobalSection(ExtensibilityGlobals) = postSolution
		SolutionGuid = {274DA108-9DD4-498D-95B8-93EFD07D12C3}
	EndGlobalSection
EndGlobal
